// !$*UTF8*$!
{
	archiveVersion = 1;
	classes = {
	};
	objectVersion = 56;
	objects = {

/* Begin PBXBuildFile section */
		02ABBC952C670B0B00A03706 /* LevelMaxApp.swift in Sources */ = {isa = PBXBuildFile; fileRef = 02ABBC942C670B0B00A03706 /* LevelMaxApp.swift */; };
		02ABBC972C670B0B00A03706 /* ContentView.swift in Sources */ = {isa = PBXBuildFile; fileRef = 02ABBC962C670B0B00A03706 /* ContentView.swift */; };
		02ABBC992C670B0C00A03706 /* Assets.xcassets in Resources */ = {isa = PBXBuildFile; fileRef = 02ABBC982C670B0C00A03706 /* Assets.xcassets */; };
		02ABBC9C2C670B0C00A03706 /* Preview Assets.xcassets in Resources */ = {isa = PBXBuildFile; fileRef = 02ABBC9B2C670B0C00A03706 /* Preview Assets.xcassets */; };
		02ABBCA62C670B6100A03706 /* .gitignore in Resources */ = {isa = PBXBuildFile; fileRef = 02ABBCA52C670B6100A03706 /* .gitignore */; };
		02ABBCAA2C67419B00A03706 /* LottieView.swift in Sources */ = {isa = PBXBuildFile; fileRef = 02ABBCA92C67419B00A03706 /* LottieView.swift */; };
		02ABBCAD2C67424500A03706 /* Lottie in Frameworks */ = {isa = PBXBuildFile; productRef = 02ABBCAC2C67424500A03706 /* Lottie */; };
		02ABBCB22C67587100A03706 /* OnboardingWeek.swift in Sources */ = {isa = PBXBuildFile; fileRef = 02ABBCB12C67587100A03706 /* OnboardingWeek.swift */; };
		02ABBCB62C67769300A03706 /* OnboardingLottie.swift in Sources */ = {isa = PBXBuildFile; fileRef = 02ABBCB52C67769300A03706 /* OnboardingLottie.swift */; };
		02ABBCB82C6779E800A03706 /* 원두.json in Resources */ = {isa = PBXBuildFile; fileRef = 02ABBCB72C6779E700A03706 /* 원두.json */; };
/* End PBXBuildFile section */

/* Begin PBXFileReference section */
		02ABBC912C670B0B00A03706 /* LevelMax.app */ = {isa = PBXFileReference; explicitFileType = wrapper.application; includeInIndex = 0; path = LevelMax.app; sourceTree = BUILT_PRODUCTS_DIR; };
		02ABBC942C670B0B00A03706 /* LevelMaxApp.swift */ = {isa = PBXFileReference; lastKnownFileType = sourcecode.swift; path = LevelMaxApp.swift; sourceTree = "<group>"; };
		02ABBC962C670B0B00A03706 /* ContentView.swift */ = {isa = PBXFileReference; lastKnownFileType = sourcecode.swift; path = ContentView.swift; sourceTree = "<group>"; };
		02ABBC982C670B0C00A03706 /* Assets.xcassets */ = {isa = PBXFileReference; lastKnownFileType = folder.assetcatalog; path = Assets.xcassets; sourceTree = "<group>"; };
		02ABBC9B2C670B0C00A03706 /* Preview Assets.xcassets */ = {isa = PBXFileReference; lastKnownFileType = folder.assetcatalog; path = "Preview Assets.xcassets"; sourceTree = "<group>"; };
		02ABBCA52C670B6100A03706 /* .gitignore */ = {isa = PBXFileReference; lastKnownFileType = text; path = .gitignore; sourceTree = "<group>"; };
		02ABBCA92C67419B00A03706 /* LottieView.swift */ = {isa = PBXFileReference; lastKnownFileType = sourcecode.swift; path = LottieView.swift; sourceTree = "<group>"; };
		02ABBCB12C67587100A03706 /* OnboardingWeek.swift */ = {isa = PBXFileReference; lastKnownFileType = sourcecode.swift; path = OnboardingWeek.swift; sourceTree = "<group>"; };
		02ABBCB52C67769300A03706 /* OnboardingLottie.swift */ = {isa = PBXFileReference; lastKnownFileType = sourcecode.swift; path = OnboardingLottie.swift; sourceTree = "<group>"; };
		02ABBCB72C6779E700A03706 /* 원두.json */ = {isa = PBXFileReference; fileEncoding = 4; lastKnownFileType = text.json; path = "원두.json"; sourceTree = "<group>"; };
/* End PBXFileReference section */

/* Begin PBXFrameworksBuildPhase section */
		02ABBC8E2C670B0B00A03706 /* Frameworks */ = {
			isa = PBXFrameworksBuildPhase;
			buildActionMask = 2147483647;
			files = (
				02ABBCAD2C67424500A03706 /* Lottie in Frameworks */,
			);
			runOnlyForDeploymentPostprocessing = 0;
		};
/* End PBXFrameworksBuildPhase section */

/* Begin PBXGroup section */
		02ABBC882C670B0B00A03706 = {
			isa = PBXGroup;
			children = (
				02ABBC932C670B0B00A03706 /* LevelMax */,
				02ABBC922C670B0B00A03706 /* Products */,
			);
			sourceTree = "<group>";
		};
		02ABBC922C670B0B00A03706 /* Products */ = {
			isa = PBXGroup;
			children = (
				02ABBC912C670B0B00A03706 /* LevelMax.app */,
			);
			name = Products;
			sourceTree = "<group>";
		};
		02ABBC932C670B0B00A03706 /* LevelMax */ = {
			isa = PBXGroup;
			children = (
				02ABBCAE2C67554200A03706 /* Onboarding */,
				02ABBC942C670B0B00A03706 /* LevelMaxApp.swift */,
				02ABBCA52C670B6100A03706 /* .gitignore */,
				02ABBC982C670B0C00A03706 /* Assets.xcassets */,
				02ABBCB72C6779E700A03706 /* 원두.json */,
				02ABBC9A2C670B0C00A03706 /* Preview Content */,
			);
			path = LevelMax;
			sourceTree = "<group>";
		};
		02ABBC9A2C670B0C00A03706 /* Preview Content */ = {
			isa = PBXGroup;
			children = (
				02ABBC9B2C670B0C00A03706 /* Preview Assets.xcassets */,
			);
			path = "Preview Content";
			sourceTree = "<group>";
		};
		02ABBCAE2C67554200A03706 /* Onboarding */ = {
			isa = PBXGroup;
			children = (
				02ABBC962C670B0B00A03706 /* ContentView.swift */,
				02ABBCB12C67587100A03706 /* OnboardingWeek.swift */,
				02ABBCB52C67769300A03706 /* OnboardingLottie.swift */,
				02ABBCA92C67419B00A03706 /* LottieView.swift */,
			);
			path = Onboarding;
			sourceTree = "<group>";
		};
/* End PBXGroup section */

/* Begin PBXNativeTarget section */
		02ABBC902C670B0B00A03706 /* LevelMax */ = {
			isa = PBXNativeTarget;
			buildConfigurationList = 02ABBC9F2C670B0C00A03706 /* Build configuration list for PBXNativeTarget "LevelMax" */;
			buildPhases = (
				02ABBC8D2C670B0B00A03706 /* Sources */,
				02ABBC8E2C670B0B00A03706 /* Frameworks */,
				02ABBC8F2C670B0B00A03706 /* Resources */,
			);
			buildRules = (
			);
			dependencies = (
			);
			name = LevelMax;
			packageProductDependencies = (
				02ABBCAC2C67424500A03706 /* Lottie */,
			);
			productName = LevelMax;
			productReference = 02ABBC912C670B0B00A03706 /* LevelMax.app */;
			productType = "com.apple.product-type.application";
		};
/* End PBXNativeTarget section */

/* Begin PBXProject section */
		02ABBC892C670B0B00A03706 /* Project object */ = {
			isa = PBXProject;
			attributes = {
				BuildIndependentTargetsInParallel = 1;
				LastSwiftUpdateCheck = 1540;
				LastUpgradeCheck = 1540;
				TargetAttributes = {
					02ABBC902C670B0B00A03706 = {
						CreatedOnToolsVersion = 15.4;
					};
				};
			};
			buildConfigurationList = 02ABBC8C2C670B0B00A03706 /* Build configuration list for PBXProject "LevelMax" */;
			compatibilityVersion = "Xcode 14.0";
			developmentRegion = en;
			hasScannedForEncodings = 0;
			knownRegions = (
				en,
				Base,
			);
			mainGroup = 02ABBC882C670B0B00A03706;
			packageReferences = (
				02ABBCAB2C67424500A03706 /* XCRemoteSwiftPackageReference "lottie-ios" */,
			);
			productRefGroup = 02ABBC922C670B0B00A03706 /* Products */;
			projectDirPath = "";
			projectRoot = "";
			targets = (
				02ABBC902C670B0B00A03706 /* LevelMax */,
			);
		};
/* End PBXProject section */

/* Begin PBXResourcesBuildPhase section */
		02ABBC8F2C670B0B00A03706 /* Resources */ = {
			isa = PBXResourcesBuildPhase;
			buildActionMask = 2147483647;
			files = (
				02ABBC9C2C670B0C00A03706 /* Preview Assets.xcassets in Resources */,
				02ABBCB82C6779E800A03706 /* 원두.json in Resources */,
				02ABBCA62C670B6100A03706 /* .gitignore in Resources */,
				02ABBC992C670B0C00A03706 /* Assets.xcassets in Resources */,
			);
			runOnlyForDeploymentPostprocessing = 0;
		};
/* End PBXResourcesBuildPhase section */

/* Begin PBXSourcesBuildPhase section */
		02ABBC8D2C670B0B00A03706 /* Sources */ = {
			isa = PBXSourcesBuildPhase;
			buildActionMask = 2147483647;
			files = (
				02ABBC972C670B0B00A03706 /* ContentView.swift in Sources */,
				02ABBC952C670B0B00A03706 /* LevelMaxApp.swift in Sources */,
				02ABBCB62C67769300A03706 /* OnboardingLottie.swift in Sources */,
				02ABBCB22C67587100A03706 /* OnboardingWeek.swift in Sources */,
				02ABBCAA2C67419B00A03706 /* LottieView.swift in Sources */,
			);
			runOnlyForDeploymentPostprocessing = 0;
		};
/* End PBXSourcesBuildPhase section */

/* Begin XCBuildConfiguration section */
		02ABBC9D2C670B0C00A03706 /* Debug */ = {
			isa = XCBuildConfiguration;
			buildSettings = {
				ALWAYS_SEARCH_USER_PATHS = NO;
				ASSETCATALOG_COMPILER_GENERATE_SWIFT_ASSET_SYMBOL_EXTENSIONS = YES;
				CLANG_ANALYZER_NONNULL = YES;
				CLANG_ANALYZER_NUMBER_OBJECT_CONVERSION = YES_AGGRESSIVE;
				CLANG_CXX_LANGUAGE_STANDARD = "gnu++20";
				CLANG_ENABLE_MODULES = YES;
				CLANG_ENABLE_OBJC_ARC = YES;
				CLANG_ENABLE_OBJC_WEAK = YES;
				CLANG_WARN_BLOCK_CAPTURE_AUTORELEASING = YES;
				CLANG_WARN_BOOL_CONVERSION = YES;
				CLANG_WARN_COMMA = YES;
				CLANG_WARN_CONSTANT_CONVERSION = YES;
				CLANG_WARN_DEPRECATED_OBJC_IMPLEMENTATIONS = YES;
				CLANG_WARN_DIRECT_OBJC_ISA_USAGE = YES_ERROR;
				CLANG_WARN_DOCUMENTATION_COMMENTS = YES;
				CLANG_WARN_EMPTY_BODY = YES;
				CLANG_WARN_ENUM_CONVERSION = YES;
				CLANG_WARN_INFINITE_RECURSION = YES;
				CLANG_WARN_INT_CONVERSION = YES;
				CLANG_WARN_NON_LITERAL_NULL_CONVERSION = YES;
				CLANG_WARN_OBJC_IMPLICIT_RETAIN_SELF = YES;
				CLANG_WARN_OBJC_LITERAL_CONVERSION = YES;
				CLANG_WARN_OBJC_ROOT_CLASS = YES_ERROR;
				CLANG_WARN_QUOTED_INCLUDE_IN_FRAMEWORK_HEADER = YES;
				CLANG_WARN_RANGE_LOOP_ANALYSIS = YES;
				CLANG_WARN_STRICT_PROTOTYPES = YES;
				CLANG_WARN_SUSPICIOUS_MOVE = YES;
				CLANG_WARN_UNGUARDED_AVAILABILITY = YES_AGGRESSIVE;
				CLANG_WARN_UNREACHABLE_CODE = YES;
				CLANG_WARN__DUPLICATE_METHOD_MATCH = YES;
				COPY_PHASE_STRIP = NO;
				DEBUG_INFORMATION_FORMAT = dwarf;
				ENABLE_STRICT_OBJC_MSGSEND = YES;
				ENABLE_TESTABILITY = YES;
				ENABLE_USER_SCRIPT_SANDBOXING = YES;
				GCC_C_LANGUAGE_STANDARD = gnu17;
				GCC_DYNAMIC_NO_PIC = NO;
				GCC_NO_COMMON_BLOCKS = YES;
				GCC_OPTIMIZATION_LEVEL = 0;
				GCC_PREPROCESSOR_DEFINITIONS = (
					"DEBUG=1",
					"$(inherited)",
				);
				GCC_WARN_64_TO_32_BIT_CONVERSION = YES;
				GCC_WARN_ABOUT_RETURN_TYPE = YES_ERROR;
				GCC_WARN_UNDECLARED_SELECTOR = YES;
				GCC_WARN_UNINITIALIZED_AUTOS = YES_AGGRESSIVE;
				GCC_WARN_UNUSED_FUNCTION = YES;
				GCC_WARN_UNUSED_VARIABLE = YES;
				IPHONEOS_DEPLOYMENT_TARGET = 17.5;
				LOCALIZATION_PREFERS_STRING_CATALOGS = YES;
				MTL_ENABLE_DEBUG_INFO = INCLUDE_SOURCE;
				MTL_FAST_MATH = YES;
				ONLY_ACTIVE_ARCH = YES;
				SDKROOT = iphoneos;
				SWIFT_ACTIVE_COMPILATION_CONDITIONS = "DEBUG $(inherited)";
				SWIFT_OPTIMIZATION_LEVEL = "-Onone";
			};
			name = Debug;
		};
		02ABBC9E2C670B0C00A03706 /* Release */ = {
			isa = XCBuildConfiguration;
			buildSettings = {
				ALWAYS_SEARCH_USER_PATHS = NO;
				ASSETCATALOG_COMPILER_GENERATE_SWIFT_ASSET_SYMBOL_EXTENSIONS = YES;
				CLANG_ANALYZER_NONNULL = YES;
				CLANG_ANALYZER_NUMBER_OBJECT_CONVERSION = YES_AGGRESSIVE;
				CLANG_CXX_LANGUAGE_STANDARD = "gnu++20";
				CLANG_ENABLE_MODULES = YES;
				CLANG_ENABLE_OBJC_ARC = YES;
				CLANG_ENABLE_OBJC_WEAK = YES;
				CLANG_WARN_BLOCK_CAPTURE_AUTORELEASING = YES;
				CLANG_WARN_BOOL_CONVERSION = YES;
				CLANG_WARN_COMMA = YES;
				CLANG_WARN_CONSTANT_CONVERSION = YES;
				CLANG_WARN_DEPRECATED_OBJC_IMPLEMENTATIONS = YES;
				CLANG_WARN_DIRECT_OBJC_ISA_USAGE = YES_ERROR;
				CLANG_WARN_DOCUMENTATION_COMMENTS = YES;
				CLANG_WARN_EMPTY_BODY = YES;
				CLANG_WARN_ENUM_CONVERSION = YES;
				CLANG_WARN_INFINITE_RECURSION = YES;
				CLANG_WARN_INT_CONVERSION = YES;
				CLANG_WARN_NON_LITERAL_NULL_CONVERSION = YES;
				CLANG_WARN_OBJC_IMPLICIT_RETAIN_SELF = YES;
				CLANG_WARN_OBJC_LITERAL_CONVERSION = YES;
				CLANG_WARN_OBJC_ROOT_CLASS = YES_ERROR;
				CLANG_WARN_QUOTED_INCLUDE_IN_FRAMEWORK_HEADER = YES;
				CLANG_WARN_RANGE_LOOP_ANALYSIS = YES;
				CLANG_WARN_STRICT_PROTOTYPES = YES;
				CLANG_WARN_SUSPICIOUS_MOVE = YES;
				CLANG_WARN_UNGUARDED_AVAILABILITY = YES_AGGRESSIVE;
				CLANG_WARN_UNREACHABLE_CODE = YES;
				CLANG_WARN__DUPLICATE_METHOD_MATCH = YES;
				COPY_PHASE_STRIP = NO;
				DEBUG_INFORMATION_FORMAT = "dwarf-with-dsym";
				ENABLE_NS_ASSERTIONS = NO;
				ENABLE_STRICT_OBJC_MSGSEND = YES;
				ENABLE_USER_SCRIPT_SANDBOXING = YES;
				GCC_C_LANGUAGE_STANDARD = gnu17;
				GCC_NO_COMMON_BLOCKS = YES;
				GCC_WARN_64_TO_32_BIT_CONVERSION = YES;
				GCC_WARN_ABOUT_RETURN_TYPE = YES_ERROR;
				GCC_WARN_UNDECLARED_SELECTOR = YES;
				GCC_WARN_UNINITIALIZED_AUTOS = YES_AGGRESSIVE;
				GCC_WARN_UNUSED_FUNCTION = YES;
				GCC_WARN_UNUSED_VARIABLE = YES;
				IPHONEOS_DEPLOYMENT_TARGET = 17.5;
				LOCALIZATION_PREFERS_STRING_CATALOGS = YES;
				MTL_ENABLE_DEBUG_INFO = NO;
				MTL_FAST_MATH = YES;
				SDKROOT = iphoneos;
				SWIFT_COMPILATION_MODE = wholemodule;
				VALIDATE_PRODUCT = YES;
			};
			name = Release;
		};
		02ABBCA02C670B0C00A03706 /* Debug */ = {
			isa = XCBuildConfiguration;
			buildSettings = {
				ASSETCATALOG_COMPILER_APPICON_NAME = AppIcon;
				ASSETCATALOG_COMPILER_GLOBAL_ACCENT_COLOR_NAME = AccentColor;
				CODE_SIGN_STYLE = Automatic;
				CURRENT_PROJECT_VERSION = 1;
				DEVELOPMENT_ASSET_PATHS = "\"LevelMax/Preview Content\"";
				DEVELOPMENT_TEAM = DBXHWJCYZK;
				ENABLE_PREVIEWS = YES;
				GENERATE_INFOPLIST_FILE = YES;
				INFOPLIST_KEY_UIApplicationSceneManifest_Generation = YES;
				INFOPLIST_KEY_UIApplicationSupportsIndirectInputEvents = YES;
				INFOPLIST_KEY_UILaunchScreen_Generation = YES;
				INFOPLIST_KEY_UISupportedInterfaceOrientations_iPad = "UIInterfaceOrientationPortrait UIInterfaceOrientationPortraitUpsideDown UIInterfaceOrientationLandscapeLeft UIInterfaceOrientationLandscapeRight";
				INFOPLIST_KEY_UISupportedInterfaceOrientations_iPhone = "UIInterfaceOrientationPortrait UIInterfaceOrientationLandscapeLeft UIInterfaceOrientationLandscapeRight";
				LD_RUNPATH_SEARCH_PATHS = (
					"$(inherited)",
					"@executable_path/Frameworks",
				);
				MARKETING_VERSION = 1.0;
				PRODUCT_BUNDLE_IDENTIFIER = lavender.LevelMax;
				PRODUCT_NAME = "$(TARGET_NAME)";
				SWIFT_EMIT_LOC_STRINGS = YES;
				SWIFT_VERSION = 5.0;
				TARGETED_DEVICE_FAMILY = "1,2";
			};
			name = Debug;
		};
		02ABBCA12C670B0C00A03706 /* Release */ = {
			isa = XCBuildConfiguration;
			buildSettings = {
				ASSETCATALOG_COMPILER_APPICON_NAME = AppIcon;
				ASSETCATALOG_COMPILER_GLOBAL_ACCENT_COLOR_NAME = AccentColor;
				CODE_SIGN_STYLE = Automatic;
				CURRENT_PROJECT_VERSION = 1;
				DEVELOPMENT_ASSET_PATHS = "\"LevelMax/Preview Content\"";
				DEVELOPMENT_TEAM = DBXHWJCYZK;
				ENABLE_PREVIEWS = YES;
				GENERATE_INFOPLIST_FILE = YES;
				INFOPLIST_KEY_UIApplicationSceneManifest_Generation = YES;
				INFOPLIST_KEY_UIApplicationSupportsIndirectInputEvents = YES;
				INFOPLIST_KEY_UILaunchScreen_Generation = YES;
				INFOPLIST_KEY_UISupportedInterfaceOrientations_iPad = "UIInterfaceOrientationPortrait UIInterfaceOrientationPortraitUpsideDown UIInterfaceOrientationLandscapeLeft UIInterfaceOrientationLandscapeRight";
				INFOPLIST_KEY_UISupportedInterfaceOrientations_iPhone = "UIInterfaceOrientationPortrait UIInterfaceOrientationLandscapeLeft UIInterfaceOrientationLandscapeRight";
				LD_RUNPATH_SEARCH_PATHS = (
					"$(inherited)",
					"@executable_path/Frameworks",
				);
				MARKETING_VERSION = 1.0;
				PRODUCT_BUNDLE_IDENTIFIER = lavender.LevelMax;
				PRODUCT_NAME = "$(TARGET_NAME)";
				SWIFT_EMIT_LOC_STRINGS = YES;
				SWIFT_VERSION = 5.0;
				TARGETED_DEVICE_FAMILY = "1,2";
			};
			name = Release;
		};
/* End XCBuildConfiguration section */

/* Begin XCConfigurationList section */
		02ABBC8C2C670B0B00A03706 /* Build configuration list for PBXProject "LevelMax" */ = {
			isa = XCConfigurationList;
			buildConfigurations = (
				02ABBC9D2C670B0C00A03706 /* Debug */,
				02ABBC9E2C670B0C00A03706 /* Release */,
			);
			defaultConfigurationIsVisible = 0;
			defaultConfigurationName = Release;
		};
		02ABBC9F2C670B0C00A03706 /* Build configuration list for PBXNativeTarget "LevelMax" */ = {
			isa = XCConfigurationList;
			buildConfigurations = (
				02ABBCA02C670B0C00A03706 /* Debug */,
				02ABBCA12C670B0C00A03706 /* Release */,
			);
			defaultConfigurationIsVisible = 0;
			defaultConfigurationName = Release;
		};
/* End XCConfigurationList section */

/* Begin XCRemoteSwiftPackageReference section */
		02ABBCAB2C67424500A03706 /* XCRemoteSwiftPackageReference "lottie-ios" */ = {
			isa = XCRemoteSwiftPackageReference;
			repositoryURL = "https://github.com/airbnb/lottie-ios.git";
			requirement = {
				kind = upToNextMajorVersion;
				minimumVersion = 4.5.0;
			};
		};
/* End XCRemoteSwiftPackageReference section */

/* Begin XCSwiftPackageProductDependency section */
		02ABBCAC2C67424500A03706 /* Lottie */ = {
			isa = XCSwiftPackageProductDependency;
			package = 02ABBCAB2C67424500A03706 /* XCRemoteSwiftPackageReference "lottie-ios" */;
			productName = Lottie;
		};
/* End XCSwiftPackageProductDependency section */
	};
	rootObject = 02ABBC892C670B0B00A03706 /* Project object */;
}
